
Microsoft Visual Studio Solution File, Format Version 12.00
# Visual Studio Version 17
VisualStudioVersion = 17.14.36310.24 d17.14
MinimumVisualStudioVersion = 10.0.40219.1
Project("{FAE04EC0-301F-11D3-BF4B-00C04F79EFBC}") = "Fitness Tracker Weekly Report", "Fitness Tracker Weekly Report.csproj", "{C6BC6CAA-B06D-405B-B66E-320309616F02}"
EndProject
Global
	GlobalSection(SolutionConfigurationPlatforms) = preSolution
		Debug|Any CPU = Debug|Any CPU
		Release|Any CPU = Release|Any CPU
	EndGlobalSection
	GlobalSection(ProjectConfigurationPlatforms) = postSolution
		{C6BC6CAA-B06D-405B-B66E-320309616F02}.Debug|Any CPU.ActiveCfg = Debug|Any CPU
		{C6BC6CAA-B06D-405B-B66E-320309616F02}.Debug|Any CPU.Build.0 = Debug|Any CPU
		{C6BC6CAA-B06D-405B-B66E-320309616F02}.Release|Any CPU.ActiveCfg = Release|Any CPU
		{C6BC6CAA-B06D-405B-B66E-320309616F02}.Release|Any CPU.Build.0 = Release|Any CPU
	EndGlobalSection
	GlobalSection(SolutionProperties) = preSolution
		HideSolutionNode = FALSE
	EndGlobalSection
	GlobalSection(ExtensibilityGlobals) = postSolution
		SolutionGuid = {EC519AA2-3D11-462F-A9DB-7C7BAD78F02A}
	EndGlobalSection
EndGlobal
